{
  "name": "shadowsocks-heroku",
  "version": "0.9.10",
  "lockfileVersion": 1,
  "requires": true,
  "dependencies": {
    "agent-base": {
      "version": "4.3.0",
      "resolved": "https://registry.npm.taobao.org/agent-base/download/agent-base-4.3.0.tgz?cache=0&sync_timestamp=1593732576537&other_urls=https%3A%2F%2Fregistry.npm.taobao.org%2Fagent-base%2Fdownload%2Fagent-base-4.3.0.tgz",
      "integrity": "sha1-gWXwHENgCbzK0LHRIvBe13Dvxu4=",
      "requires": {
        "es6-promisify": "^5.0.0"
      }
    },
    "debug": {
      "version": "3.2.6",
      "resolved": "https://registry.npm.taobao.org/debug/download/debug-3.2.6.tgz?cache=0&sync_timestamp=1589881689076&other_urls=https%3A%2F%2Fregistry.npm.taobao.org%2Fdebug%2Fdownload%2Fdebug-3.2.6.tgz",
      "integrity": "sha1-6D0X3hbYp++3cX7b5fsQE17uYps=",
      "requires": {
        "ms": "^2.1.1"
      }
    },
    "es6-promise": {
      "version": "4.2.8",
      "resolved": "https://registry.npm.taobao.org/es6-promise/download/es6-promise-4.2.8.tgz",
      "integrity": "sha1-TrIVlMlyvEBVPSduUQU5FD21Pgo="
    },
    "es6-promisify": {
      "version": "5.0.0",
      "resolved": "https://registry.npm.taobao.org/es6-promisify/download/es6-promisify-5.0.0.tgz?cache=0&sync_timestamp=1588608211542&other_urls=https%3A%2F%2Fregistry.npm.taobao.org%2Fes6-promisify%2Fdownload%2Fes6-promisify-5.0.0.tgz",
      "integrity": "sha1-UQnWLz5W6pZ8S2NQWu8IKRyKUgM=",
      "requires": {
        "es6-promise": "^4.0.3"
      }
    },
    "https-proxy-agent": {
      "version": "2.2.1",
      "resolved": "https://registry.npm.taobao.org/https-proxy-agent/download/https-proxy-agent-2.2.1.tgz",
      "integrity": "sha1-UVUpcPoE1yPgTFbQQXjD+SWSu8A=",
      "requires": {
        "agent-base": "^4.1.0",
        "debug": "^3.1.0"
      }
    },
    "minimist": {
      "version": "1.2.0",
      "resolved": "https://registry.npm.taobao.org/minimist/download/minimist-1.2.0.tgz",
      "integrity": "sha1-o1AIsg9BOD7sH7kU9M1d95omQoQ="
    },
    "ms": {
      "version": "2.1.2",
      "resolved": "https://registry.npm.taobao.org/ms/download/ms-2.1.2.tgz",
      "integrity": "sha1-0J0fNXtEP0kzgqjrPM0YOHKuYAk="
    },
    "safe-buffer": {
      "version": "5.0.1",
      "resolved": "https://registry.npm.taobao.org/safe-buffer/download/safe-buffer-5.0.1.tgz",
      "integrity": "sha1-0mPKVGls2KMGtcplUekt5XkY++c="
    },
    "ultron": {
      "version": "1.1.1",
      "resolved": "http://registry.npm.taobao.org/ultron/download/ultron-1.1.1.tgz",
      "integrity": "sha1-n+FTahCmZKZSZqHjzPhf02MCvJw="
    },
    "ws": {
      "version": "3.0.0",
      "resolved": "https://registry.npm.taobao.org/ws/download/ws-3.0.0.tgz?cache=0&sync_timestamp=1593925423349&other_urls=https%3A%2F%2Fregistry.npm.taobao.org%2Fws%2Fdownload%2Fws-3.0.0.tgz",
      "integrity": "sha1-mN2wAFbIOQy3Ued4h4hJf5kQO2w=",
      "requires": {
        "safe-buffer": "~5.0.1",
        "ultron": "~1.1.0"
      }
    }
  }
}
